PODS:
  - TFYOCSSRKit (1.0.0):
    - TFYOCSSRKit/Antinat (= 1.0.0)
    - TFYOCSSRKit/libmaxminddb (= 1.0.0)
    - TFYOCSSRKit/libopenssl (= 1.0.0)
    - TFYOCSSRKit/libsodium (= 1.0.0)
    - TFYOCSSRKit/Privoxy (= 1.0.0)
    - TFYOCSSRKit/shadowsocks-libev (= 1.0.0)
  - TFYOCSSRKit/Antinat (1.0.0)
  - TFYOCSSRKit/libmaxminddb (1.0.0)
  - TFYOCSSRKit/libopenssl (1.0.0)
  - TFYOCSSRKit/libsodium (1.0.0)
  - TFYOCSSRKit/Privoxy (1.0.0)
  - TFYOCSSRKit/shadowsocks-libev (1.0.0):
    - TFYOCSSRKit/libopenssl
    - TFYOCSSRKit/libsodium

DEPENDENCIES:
  - TFYOCSSRKit (from `./`)

EXTERNAL SOURCES:
  TFYOCSSRKit:
    :path: "./"

SPEC CHECKSUMS:
  TFYOCSSRKit: e4992261bc2608e6cdd15ef10ad3d4afd626e24f

PODFILE CHECKSUM: ce6406fef805695bb4ee2c38ac22bda0ff660084

COCOAPODS: 1.16.2
